
Microsoft Visual Studio Solution File, Format Version 12.00
# Visual Studio 15
VisualStudioVersion = 15.0.27703.2026
MinimumVisualStudioVersion = 10.0.40219.1
Project("{FAE04EC0-301F-11D3-BF4B-00C04F79EFBC}") = "CMS", "CMS\CMS.csproj", "{37926C9D-E802-444B-8AE4-9ECFC4146BB6}"
EndProject
Global
	GlobalSection(SolutionConfigurationPlatforms) = preSolution
		Debug|Any CPU = Debug|Any CPU
		Release|Any CPU = Release|Any CPU
	EndGlobalSection
	GlobalSection(ProjectConfigurationPlatforms) = postSolution
		{37926C9D-E802-444B-8AE4-9ECFC4146BB6}.Debug|Any CPU.ActiveCfg = Debug|Any CPU
		{37926C9D-E802-444B-8AE4-9ECFC4146BB6}.Debug|Any CPU.Build.0 = Debug|Any CPU
		{37926C9D-E802-444B-8AE4-9ECFC4146BB6}.Release|Any CPU.ActiveCfg = Release|Any CPU
		{37926C9D-E802-444B-8AE4-9ECFC4146BB6}.Release|Any CPU.Build.0 = Release|Any CPU
	EndGlobalSection
	GlobalSection(SolutionProperties) = preSolution
		HideSolutionNode = FALSE
	EndGlobalSection
	GlobalSection(ExtensibilityGlobals) = postSolution
		SolutionGuid = {A8086C9A-CC68-421E-8EBF-D45CD9153190}
	EndGlobalSection
EndGlobal
